// !$*UTF8*$!
{
	archiveVersion = 1;
	classes = {
	};
	objectVersion = 52;
	objects = {

/* Begin PBXBuildFile section */
		5241581D25AE84580039BB45 /* Main.storyboard in Resources */ = {isa = PBXBuildFile; fileRef = 5241581C25AE84570039BB45 /* Main.storyboard */; };
		5241582425AE862A0039BB45 /* PopulationMethods.swift in Sources */ = {isa = PBXBuildFile; fileRef = 5241582325AE862A0039BB45 /* PopulationMethods.swift */; };
		526F0EB225AE70AB00C0806E /* AppDelegate.swift in Sources */ = {isa = PBXBuildFile; fileRef = 526F0EB125AE70AB00C0806E /* AppDelegate.swift */; };
		526F0EB425AE70AB00C0806E /* SceneDelegate.swift in Sources */ = {isa = PBXBuildFile; fileRef = 526F0EB325AE70AB00C0806E /* SceneDelegate.swift */; };
		526F0EBB25AE70AD00C0806E /* Assets.xcassets in Resources */ = {isa = PBXBuildFile; fileRef = 526F0EBA25AE70AD00C0806E /* Assets.xcassets */; };
		526F0EBE25AE70AD00C0806E /* LaunchScreen.storyboard in Resources */ = {isa = PBXBuildFile; fileRef = 526F0EBC25AE70AD00C0806E /* LaunchScreen.storyboard */; };
		526F0ECF25AE70EE00C0806E /* TabsTableViewCell.swift in Sources */ = {isa = PBXBuildFile; fileRef = 526F0EC725AE70EE00C0806E /* TabsTableViewCell.swift */; };
		526F0ED025AE70EE00C0806E /* BookMarkTableViewCell.swift in Sources */ = {isa = PBXBuildFile; fileRef = 526F0EC825AE70EE00C0806E /* BookMarkTableViewCell.swift */; };
		526F0ED125AE70EE00C0806E /* Tab.swift in Sources */ = {isa = PBXBuildFile; fileRef = 526F0EC925AE70EE00C0806E /* Tab.swift */; };
		526F0ED225AE70EE00C0806E /* CanvasViewController.swift in Sources */ = {isa = PBXBuildFile; fileRef = 526F0ECA25AE70EE00C0806E /* CanvasViewController.swift */; };
		526F0ED325AE70EE00C0806E /* BookMarksTableViewController.swift in Sources */ = {isa = PBXBuildFile; fileRef = 526F0ECB25AE70EE00C0806E /* BookMarksTableViewController.swift */; };
		526F0ED425AE70EE00C0806E /* UIColor+ColorConstants.swift in Sources */ = {isa = PBXBuildFile; fileRef = 526F0ECC25AE70EE00C0806E /* UIColor+ColorConstants.swift */; };
		526F0ED525AE70EE00C0806E /* TabsTableViewController.swift in Sources */ = {isa = PBXBuildFile; fileRef = 526F0ECD25AE70EE00C0806E /* TabsTableViewController.swift */; };
		526F0ED625AE70EE00C0806E /* Bookmark.swift in Sources */ = {isa = PBXBuildFile; fileRef = 526F0ECE25AE70EE00C0806E /* Bookmark.swift */; };
		526F0EDA25AE725100C0806E /* Realm in Frameworks */ = {isa = PBXBuildFile; productRef = 526F0ED925AE725100C0806E /* Realm */; };
		526F0EDC25AE725100C0806E /* RealmSwift in Frameworks */ = {isa = PBXBuildFile; productRef = 526F0EDB25AE725100C0806E /* RealmSwift */; };
/* End PBXBuildFile section */

/* Begin PBXFileReference section */
		5241581C25AE84570039BB45 /* Main.storyboard */ = {isa = PBXFileReference; fileEncoding = 4; lastKnownFileType = file.storyboard; path = Main.storyboard; sourceTree = "<group>"; };
		5241582325AE862A0039BB45 /* PopulationMethods.swift */ = {isa = PBXFileReference; fileEncoding = 4; lastKnownFileType = sourcecode.swift; path = PopulationMethods.swift; sourceTree = "<group>"; };
		526F0EAE25AE70AB00C0806E /* IOS_Browser.app */ = {isa = PBXFileReference; explicitFileType = wrapper.application; includeInIndex = 0; path = IOS_Browser.app; sourceTree = BUILT_PRODUCTS_DIR; };
		526F0EB125AE70AB00C0806E /* AppDelegate.swift */ = {isa = PBXFileReference; lastKnownFileType = sourcecode.swift; path = AppDelegate.swift; sourceTree = "<group>"; };
		526F0EB325AE70AB00C0806E /* SceneDelegate.swift */ = {isa = PBXFileReference; lastKnownFileType = sourcecode.swift; path = SceneDelegate.swift; sourceTree = "<group>"; };
		526F0EBA25AE70AD00C0806E /* Assets.xcassets */ = {isa = PBXFileReference; lastKnownFileType = folder.assetcatalog; path = Assets.xcassets; sourceTree = "<group>"; };
		526F0EBD25AE70AD00C0806E /* Base */ = {isa = PBXFileReference; lastKnownFileType = file.storyboard; name = Base; path = Base.lproj/LaunchScreen.storyboard; sourceTree = "<group>"; };
		526F0EBF25AE70AD00C0806E /* Info.plist */ = {isa = PBXFileReference; lastKnownFileType = text.plist.xml; path = Info.plist; sourceTree = "<group>"; };
		526F0EC725AE70EE00C0806E /* TabsTableViewCell.swift */ = {isa = PBXFileReference; fileEncoding = 4; lastKnownFileType = sourcecode.swift; path = TabsTableViewCell.swift; sourceTree = "<group>"; };
		526F0EC825AE70EE00C0806E /* BookMarkTableViewCell.swift */ = {isa = PBXFileReference; fileEncoding = 4; lastKnownFileType = sourcecode.swift; path = BookMarkTableViewCell.swift; sourceTree = "<group>"; };
		526F0EC925AE70EE00C0806E /* Tab.swift */ = {isa = PBXFileReference; fileEncoding = 4; lastKnownFileType = sourcecode.swift; path = Tab.swift; sourceTree = "<group>"; };
		526F0ECA25AE70EE00C0806E /* CanvasViewController.swift */ = {isa = PBXFileReference; fileEncoding = 4; lastKnownFileType = sourcecode.swift; path = CanvasViewController.swift; sourceTree = "<group>"; };
		526F0ECB25AE70EE00C0806E /* BookMarksTableViewController.swift */ = {isa = PBXFileReference; fileEncoding = 4; lastKnownFileType = sourcecode.swift; path = BookMarksTableViewController.swift; sourceTree = "<group>"; };
		526F0ECC25AE70EE00C0806E /* UIColor+ColorConstants.swift */ = {isa = PBXFileReference; fileEncoding = 4; lastKnownFileType = sourcecode.swift; path = "UIColor+ColorConstants.swift"; sourceTree = "<group>"; };
		526F0ECD25AE70EE00C0806E /* TabsTableViewController.swift */ = {isa = PBXFileReference; fileEncoding = 4; lastKnownFileType = sourcecode.swift; path = TabsTableViewController.swift; sourceTree = "<group>"; };
		526F0ECE25AE70EE00C0806E /* Bookmark.swift */ = {isa = PBXFileReference; fileEncoding = 4; lastKnownFileType = sourcecode.swift; path = Bookmark.swift; sourceTree = "<group>"; };
/* End PBXFileReference section */

/* Begin PBXFrameworksBuildPhase section */
		526F0EAB25AE70AB00C0806E /* Frameworks */ = {
			isa = PBXFrameworksBuildPhase;
			buildActionMask = 2147483647;
			files = (
				526F0EDC25AE725100C0806E /* RealmSwift in Frameworks */,
				526F0EDA25AE725100C0806E /* Realm in Frameworks */,
			);
			runOnlyForDeploymentPostprocessing = 0;
		};
/* End PBXFrameworksBuildPhase section */

/* Begin PBXGroup section */
		5241581F25AE853B0039BB45 /* RealmModels */ = {
			isa = PBXGroup;
			children = (
				526F0ECE25AE70EE00C0806E /* Bookmark.swift */,
				526F0EC925AE70EE00C0806E /* Tab.swift */,
			);
			path = RealmModels;
			sourceTree = "<group>";
		};
		5241582025AE859B0039BB45 /* ViewControllers */ = {
			isa = PBXGroup;
			children = (
				526F0ECA25AE70EE00C0806E /* CanvasViewController.swift */,
				526F0ECB25AE70EE00C0806E /* BookMarksTableViewController.swift */,
				526F0ECD25AE70EE00C0806E /* TabsTableViewController.swift */,
			);
			path = ViewControllers;
			sourceTree = "<group>";
		};
		5241582125AE85D20039BB45 /* TableCells */ = {
			isa = PBXGroup;
			children = (
				526F0EC825AE70EE00C0806E /* BookMarkTableViewCell.swift */,
				526F0EC725AE70EE00C0806E /* TabsTableViewCell.swift */,
			);
			path = TableCells;
			sourceTree = "<group>";
		};
		5241582625AE8A3A0039BB45 /* Helpers */ = {
			isa = PBXGroup;
			children = (
				5241582325AE862A0039BB45 /* PopulationMethods.swift */,
				526F0ECC25AE70EE00C0806E /* UIColor+ColorConstants.swift */,
			);
			path = Helpers;
			sourceTree = "<group>";
		};
		5241582725AE8A580039BB45 /* UI */ = {
			isa = PBXGroup;
			children = (
				526F0EBC25AE70AD00C0806E /* LaunchScreen.storyboard */,
				5241581C25AE84570039BB45 /* Main.storyboard */,
			);
			path = UI;
			sourceTree = "<group>";
		};
		526F0EA525AE70AB00C0806E = {
			isa = PBXGroup;
			children = (
				526F0EB025AE70AB00C0806E /* IOS_Browser */,
				526F0EAF25AE70AB00C0806E /* Products */,
			);
			sourceTree = "<group>";
		};
		526F0EAF25AE70AB00C0806E /* Products */ = {
			isa = PBXGroup;
			children = (
				526F0EAE25AE70AB00C0806E /* IOS_Browser.app */,
			);
			name = Products;
			sourceTree = "<group>";
		};
		526F0EB025AE70AB00C0806E /* IOS_Browser */ = {
			isa = PBXGroup;
			children = (
				5241582725AE8A580039BB45 /* UI */,
				5241582625AE8A3A0039BB45 /* Helpers */,
				5241582125AE85D20039BB45 /* TableCells */,
				5241582025AE859B0039BB45 /* ViewControllers */,
				5241581F25AE853B0039BB45 /* RealmModels */,
				526F0EB125AE70AB00C0806E /* AppDelegate.swift */,
				526F0EB325AE70AB00C0806E /* SceneDelegate.swift */,
				526F0EBA25AE70AD00C0806E /* Assets.xcassets */,
				526F0EBF25AE70AD00C0806E /* Info.plist */,
			);
			path = IOS_Browser;
			sourceTree = "<group>";
		};
/* End PBXGroup section */

/* Begin PBXNativeTarget section */
		526F0EAD25AE70AB00C0806E /* IOS_Browser */ = {
			isa = PBXNativeTarget;
			buildConfigurationList = 526F0EC225AE70AD00C0806E /* Build configuration list for PBXNativeTarget "IOS_Browser" */;
			buildPhases = (
				526F0EAA25AE70AB00C0806E /* Sources */,
				526F0EAB25AE70AB00C0806E /* Frameworks */,
				526F0EAC25AE70AB00C0806E /* Resources */,
			);
			buildRules = (
			);
			dependencies = (
			);
			name = IOS_Browser;
			packageProductDependencies = (
				526F0ED925AE725100C0806E /* Realm */,
				526F0EDB25AE725100C0806E /* RealmSwift */,
			);
			productName = IOS_Browser;
			productReference = 526F0EAE25AE70AB00C0806E /* IOS_Browser.app */;
			productType = "com.apple.product-type.application";
		};
/* End PBXNativeTarget section */

/* Begin PBXProject section */
		526F0EA625AE70AB00C0806E /* Project object */ = {
			isa = PBXProject;
			attributes = {
				LastSwiftUpdateCheck = 1230;
				LastUpgradeCheck = 1230;
				TargetAttributes = {
					526F0EAD25AE70AB00C0806E = {
						CreatedOnToolsVersion = 12.3;
					};
				};
			};
			buildConfigurationList = 526F0EA925AE70AB00C0806E /* Build configuration list for PBXProject "IOS_Browser" */;
			compatibilityVersion = "Xcode 9.3";
			developmentRegion = en;
			hasScannedForEncodings = 0;
			knownRegions = (
				en,
				Base,
			);
			mainGroup = 526F0EA525AE70AB00C0806E;
			packageReferences = (
				526F0ED825AE725100C0806E /* XCRemoteSwiftPackageReference "realm-cocoa" */,
			);
			productRefGroup = 526F0EAF25AE70AB00C0806E /* Products */;
			projectDirPath = "";
			projectRoot = "";
			targets = (
				526F0EAD25AE70AB00C0806E /* IOS_Browser */,
			);
		};
/* End PBXProject section */

/* Begin PBXResourcesBuildPhase section */
		526F0EAC25AE70AB00C0806E /* Resources */ = {
			isa = PBXResourcesBuildPhase;
			buildActionMask = 2147483647;
			files = (
				5241581D25AE84580039BB45 /* Main.storyboard in Resources */,
				526F0EBE25AE70AD00C0806E /* LaunchScreen.storyboard in Resources */,
				526F0EBB25AE70AD00C0806E /* Assets.xcassets in Resources */,
			);
			runOnlyForDeploymentPostprocessing = 0;
		};
/* End PBXResourcesBuildPhase section */

/* Begin PBXSourcesBuildPhase section */
		526F0EAA25AE70AB00C0806E /* Sources */ = {
			isa = PBXSourcesBuildPhase;
			buildActionMask = 2147483647;
			files = (
				526F0EB225AE70AB00C0806E /* AppDelegate.swift in Sources */,
				526F0ECF25AE70EE00C0806E /* TabsTableViewCell.swift in Sources */,
				526F0ED125AE70EE00C0806E /* Tab.swift in Sources */,
				5241582425AE862A0039BB45 /* PopulationMethods.swift in Sources */,
				526F0ED425AE70EE00C0806E /* UIColor+ColorConstants.swift in Sources */,
				526F0ED325AE70EE00C0806E /* BookMarksTableViewController.swift in Sources */,
				526F0ED625AE70EE00C0806E /* Bookmark.swift in Sources */,
				526F0ED525AE70EE00C0806E /* TabsTableViewController.swift in Sources */,
				526F0EB425AE70AB00C0806E /* SceneDelegate.swift in Sources */,
				526F0ED225AE70EE00C0806E /* CanvasViewController.swift in Sources */,
				526F0ED025AE70EE00C0806E /* BookMarkTableViewCell.swift in Sources */,
			);
			runOnlyForDeploymentPostprocessing = 0;
		};
/* End PBXSourcesBuildPhase section */

/* Begin PBXVariantGroup section */
		526F0EBC25AE70AD00C0806E /* LaunchScreen.storyboard */ = {
			isa = PBXVariantGroup;
			children = (
				526F0EBD25AE70AD00C0806E /* Base */,
			);
			name = LaunchScreen.storyboard;
			sourceTree = "<group>";
		};
/* End PBXVariantGroup section */

/* Begin XCBuildConfiguration section */
		526F0EC025AE70AD00C0806E /* Debug */ = {
			isa = XCBuildConfiguration;
			buildSettings = {
				ALWAYS_SEARCH_USER_PATHS = NO;
				CLANG_ANALYZER_NONNULL = YES;
				CLANG_ANALYZER_NUMBER_OBJECT_CONVERSION = YES_AGGRESSIVE;
				CLANG_CXX_LANGUAGE_STANDARD = "gnu++14";
				CLANG_CXX_LIBRARY = "libc++";
				CLANG_ENABLE_MODULES = YES;
				CLANG_ENABLE_OBJC_ARC = YES;
				CLANG_ENABLE_OBJC_WEAK = YES;
				CLANG_WARN_BLOCK_CAPTURE_AUTORELEASING = YES;
				CLANG_WARN_BOOL_CONVERSION = YES;
				CLANG_WARN_COMMA = YES;
				CLANG_WARN_CONSTANT_CONVERSION = YES;
				CLANG_WARN_DEPRECATED_OBJC_IMPLEMENTATIONS = YES;
				CLANG_WARN_DIRECT_OBJC_ISA_USAGE = YES_ERROR;
				CLANG_WARN_DOCUMENTATION_COMMENTS = YES;
				CLANG_WARN_EMPTY_BODY = YES;
				CLANG_WARN_ENUM_CONVERSION = YES;
				CLANG_WARN_INFINITE_RECURSION = YES;
				CLANG_WARN_INT_CONVERSION = YES;
				CLANG_WARN_NON_LITERAL_NULL_CONVERSION = YES;
				CLANG_WARN_OBJC_IMPLICIT_RETAIN_SELF = YES;
				CLANG_WARN_OBJC_LITERAL_CONVERSION = YES;
				CLANG_WARN_OBJC_ROOT_CLASS = YES_ERROR;
				CLANG_WARN_QUOTED_INCLUDE_IN_FRAMEWORK_HEADER = YES;
				CLANG_WARN_RANGE_LOOP_ANALYSIS = YES;
				CLANG_WARN_STRICT_PROTOTYPES = YES;
				CLANG_WARN_SUSPICIOUS_MOVE = YES;
				CLANG_WARN_UNGUARDED_AVAILABILITY = YES_AGGRESSIVE;
				CLANG_WARN_UNREACHABLE_CODE = YES;
				CLANG_WARN__DUPLICATE_METHOD_MATCH = YES;
				COPY_PHASE_STRIP = NO;
				DEBUG_INFORMATION_FORMAT = dwarf;
				ENABLE_STRICT_OBJC_MSGSEND = YES;
				ENABLE_TESTABILITY = YES;
				GCC_C_LANGUAGE_STANDARD = gnu11;
				GCC_DYNAMIC_NO_PIC = NO;
				GCC_NO_COMMON_BLOCKS = YES;
				GCC_OPTIMIZATION_LEVEL = 0;
				GCC_PREPROCESSOR_DEFINITIONS = (
					"DEBUG=1",
					"$(inherited)",
				);
				GCC_WARN_64_TO_32_BIT_CONVERSION = YES;
				GCC_WARN_ABOUT_RETURN_TYPE = YES_ERROR;
				GCC_WARN_UNDECLARED_SELECTOR = YES;
				GCC_WARN_UNINITIALIZED_AUTOS = YES_AGGRESSIVE;
				GCC_WARN_UNUSED_FUNCTION = YES;
				GCC_WARN_UNUSED_VARIABLE = YES;
				IPHONEOS_DEPLOYMENT_TARGET = 14.3;
				MTL_ENABLE_DEBUG_INFO = INCLUDE_SOURCE;
				MTL_FAST_MATH = YES;
				ONLY_ACTIVE_ARCH = YES;
				SDKROOT = iphoneos;
				SWIFT_ACTIVE_COMPILATION_CONDITIONS = DEBUG;
				SWIFT_OPTIMIZATION_LEVEL = "-Onone";
			};
			name = Debug;
		};
		526F0EC125AE70AD00C0806E /* Release */ = {
			isa = XCBuildConfiguration;
			buildSettings = {
				ALWAYS_SEARCH_USER_PATHS = NO;
				CLANG_ANALYZER_NONNULL = YES;
				CLANG_ANALYZER_NUMBER_OBJECT_CONVERSION = YES_AGGRESSIVE;
				CLANG_CXX_LANGUAGE_STANDARD = "gnu++14";
				CLANG_CXX_LIBRARY = "libc++";
				CLANG_ENABLE_MODULES = YES;
				CLANG_ENABLE_OBJC_ARC = YES;
				CLANG_ENABLE_OBJC_WEAK = YES;
				CLANG_WARN_BLOCK_CAPTURE_AUTORELEASING = YES;
				CLANG_WARN_BOOL_CONVERSION = YES;
				CLANG_WARN_COMMA = YES;
				CLANG_WARN_CONSTANT_CONVERSION = YES;
				CLANG_WARN_DEPRECATED_OBJC_IMPLEMENTATIONS = YES;
				CLANG_WARN_DIRECT_OBJC_ISA_USAGE = YES_ERROR;
				CLANG_WARN_DOCUMENTATION_COMMENTS = YES;
				CLANG_WARN_EMPTY_BODY = YES;
				CLANG_WARN_ENUM_CONVERSION = YES;
				CLANG_WARN_INFINITE_RECURSION = YES;
				CLANG_WARN_INT_CONVERSION = YES;
				CLANG_WARN_NON_LITERAL_NULL_CONVERSION = YES;
				CLANG_WARN_OBJC_IMPLICIT_RETAIN_SELF = YES;
				CLANG_WARN_OBJC_LITERAL_CONVERSION = YES;
				CLANG_WARN_OBJC_ROOT_CLASS = YES_ERROR;
				CLANG_WARN_QUOTED_INCLUDE_IN_FRAMEWORK_HEADER = YES;
				CLANG_WARN_RANGE_LOOP_ANALYSIS = YES;
				CLANG_WARN_STRICT_PROTOTYPES = YES;
				CLANG_WARN_SUSPICIOUS_MOVE = YES;
				CLANG_WARN_UNGUARDED_AVAILABILITY = YES_AGGRESSIVE;
				CLANG_WARN_UNREACHABLE_CODE = YES;
				CLANG_WARN__DUPLICATE_METHOD_MATCH = YES;
				COPY_PHASE_STRIP = NO;
				DEBUG_INFORMATION_FORMAT = "dwarf-with-dsym";
				ENABLE_NS_ASSERTIONS = NO;
				ENABLE_STRICT_OBJC_MSGSEND = YES;
				GCC_C_LANGUAGE_STANDARD = gnu11;
				GCC_NO_COMMON_BLOCKS = YES;
				GCC_WARN_64_TO_32_BIT_CONVERSION = YES;
				GCC_WARN_ABOUT_RETURN_TYPE = YES_ERROR;
				GCC_WARN_UNDECLARED_SELECTOR = YES;
				GCC_WARN_UNINITIALIZED_AUTOS = YES_AGGRESSIVE;
				GCC_WARN_UNUSED_FUNCTION = YES;
				GCC_WARN_UNUSED_VARIABLE = YES;
				IPHONEOS_DEPLOYMENT_TARGET = 14.3;
				MTL_ENABLE_DEBUG_INFO = NO;
				MTL_FAST_MATH = YES;
				SDKROOT = iphoneos;
				SWIFT_COMPILATION_MODE = wholemodule;
				SWIFT_OPTIMIZATION_LEVEL = "-O";
				VALIDATE_PRODUCT = YES;
			};
			name = Release;
		};
		526F0EC325AE70AD00C0806E /* Debug */ = {
			isa = XCBuildConfiguration;
			buildSettings = {
				ASSETCATALOG_COMPILER_APPICON_NAME = AppIcon;
				ASSETCATALOG_COMPILER_GLOBAL_ACCENT_COLOR_NAME = AccentColor;
				CODE_SIGN_STYLE = Automatic;
				INFOPLIST_FILE = IOS_Browser/Info.plist;
				LD_RUNPATH_SEARCH_PATHS = (
					"$(inherited)",
					"@executable_path/Frameworks",
				);
				PRODUCT_BUNDLE_IDENTIFIER = "com.demoApp.IOS-Browser";
				PRODUCT_NAME = "$(TARGET_NAME)";
				SWIFT_VERSION = 5.0;
				TARGETED_DEVICE_FAMILY = "1,2";
			};
			name = Debug;
		};
		526F0EC425AE70AD00C0806E /* Release */ = {
			isa = XCBuildConfiguration;
			buildSettings = {
				ASSETCATALOG_COMPILER_APPICON_NAME = AppIcon;
				ASSETCATALOG_COMPILER_GLOBAL_ACCENT_COLOR_NAME = AccentColor;
				CODE_SIGN_STYLE = Automatic;
				INFOPLIST_FILE = IOS_Browser/Info.plist;
				LD_RUNPATH_SEARCH_PATHS = (
					"$(inherited)",
					"@executable_path/Frameworks",
				);
				PRODUCT_BUNDLE_IDENTIFIER = "com.demoApp.IOS-Browser";
				PRODUCT_NAME = "$(TARGET_NAME)";
				SWIFT_VERSION = 5.0;
				TARGETED_DEVICE_FAMILY = "1,2";
			};
			name = Release;
		};
/* End XCBuildConfiguration section */

/* Begin XCConfigurationList section */
		526F0EA925AE70AB00C0806E /* Build configuration list for PBXProject "IOS_Browser" */ = {
			isa = XCConfigurationList;
			buildConfigurations = (
				526F0EC025AE70AD00C0806E /* Debug */,
				526F0EC125AE70AD00C0806E /* Release */,
			);
			defaultConfigurationIsVisible = 0;
			defaultConfigurationName = Release;
		};
		526F0EC225AE70AD00C0806E /* Build configuration list for PBXNativeTarget "IOS_Browser" */ = {
			isa = XCConfigurationList;
			buildConfigurations = (
				526F0EC325AE70AD00C0806E /* Debug */,
				526F0EC425AE70AD00C0806E /* Release */,
			);
			defaultConfigurationIsVisible = 0;
			defaultConfigurationName = Release;
		};
/* End XCConfigurationList section */

/* Begin XCRemoteSwiftPackageReference section */
		526F0ED825AE725100C0806E /* XCRemoteSwiftPackageReference "realm-cocoa" */ = {
			isa = XCRemoteSwiftPackageReference;
			repositoryURL = "https://github.com/realm/realm-cocoa";
			requirement = {
				kind = upToNextMajorVersion;
				minimumVersion = 10.5.0;
			};
		};
/* End XCRemoteSwiftPackageReference section */

/* Begin XCSwiftPackageProductDependency section */
		526F0ED925AE725100C0806E /* Realm */ = {
			isa = XCSwiftPackageProductDependency;
			package = 526F0ED825AE725100C0806E /* XCRemoteSwiftPackageReference "realm-cocoa" */;
			productName = Realm;
		};
		526F0EDB25AE725100C0806E /* RealmSwift */ = {
			isa = XCSwiftPackageProductDependency;
			package = 526F0ED825AE725100C0806E /* XCRemoteSwiftPackageReference "realm-cocoa" */;
			productName = RealmSwift;
		};
/* End XCSwiftPackageProductDependency section */
	};
	rootObject = 526F0EA625AE70AB00C0806E /* Project object */;
}
